
Microsoft Visual Studio Solution File, Format Version 12.00
# Visual Studio 2012
Project("{FAE04EC0-301F-11D3-BF4B-00C04F79EFBC}") = "WebService", "WebService\WebService.csproj", "{FF66FAF7-2961-4919-8D03-814D5C2CA6AD}"
EndProject
Project("{FAE04EC0-301F-11D3-BF4B-00C04F79EFBC}") = "WebApplication", "WebApplication\WebApplication.csproj", "{0C5D6CC7-188A-47B4-8843-84CF6AEEF457}"
EndProject
Global
	GlobalSection(SolutionConfigurationPlatforms) = preSolution
		Debug|Any CPU = Debug|Any CPU
		Release|Any CPU = Release|Any CPU
	EndGlobalSection
	GlobalSection(ProjectConfigurationPlatforms) = postSolution
		{FF66FAF7-2961-4919-8D03-814D5C2CA6AD}.Debug|Any CPU.ActiveCfg = Debug|Any CPU
		{FF66FAF7-2961-4919-8D03-814D5C2CA6AD}.Debug|Any CPU.Build.0 = Debug|Any CPU
		{FF66FAF7-2961-4919-8D03-814D5C2CA6AD}.Release|Any CPU.ActiveCfg = Release|Any CPU
		{FF66FAF7-2961-4919-8D03-814D5C2CA6AD}.Release|Any CPU.Build.0 = Release|Any CPU
		{0C5D6CC7-188A-47B4-8843-84CF6AEEF457}.Debug|Any CPU.ActiveCfg = Debug|Any CPU
		{0C5D6CC7-188A-47B4-8843-84CF6AEEF457}.Debug|Any CPU.Build.0 = Debug|Any CPU
		{0C5D6CC7-188A-47B4-8843-84CF6AEEF457}.Release|Any CPU.ActiveCfg = Release|Any CPU
		{0C5D6CC7-188A-47B4-8843-84CF6AEEF457}.Release|Any CPU.Build.0 = Release|Any CPU
	EndGlobalSection
	GlobalSection(SolutionProperties) = preSolution
		HideSolutionNode = FALSE
	EndGlobalSection
EndGlobal
